
Microsoft Visual Studio Solution File, Format Version 12.00
# Visual Studio Version 16
VisualStudioVersion = 16.0.31515.178
MinimumVisualStudioVersion = 10.0.40219.1
Project("{FAE04EC0-301F-11D3-BF4B-00C04F79EFBC}") = "GenAlgo - BackpackAlgo", "GenAlgo - BackpackAlgo.csproj", "{AAB9775B-4BF3-4A8C-928F-14527BF03FA8}"
EndProject
Global
	GlobalSection(SolutionConfigurationPlatforms) = preSolution
		Debug|Any CPU = Debug|Any CPU
		Release|Any CPU = Release|Any CPU
	EndGlobalSection
	GlobalSection(ProjectConfigurationPlatforms) = postSolution
		{AAB9775B-4BF3-4A8C-928F-14527BF03FA8}.Debug|Any CPU.ActiveCfg = Debug|Any CPU
		{AAB9775B-4BF3-4A8C-928F-14527BF03FA8}.Debug|Any CPU.Build.0 = Debug|Any CPU
		{AAB9775B-4BF3-4A8C-928F-14527BF03FA8}.Release|Any CPU.ActiveCfg = Release|Any CPU
		{AAB9775B-4BF3-4A8C-928F-14527BF03FA8}.Release|Any CPU.Build.0 = Release|Any CPU
	EndGlobalSection
	GlobalSection(SolutionProperties) = preSolution
		HideSolutionNode = FALSE
	EndGlobalSection
	GlobalSection(ExtensibilityGlobals) = postSolution
		SolutionGuid = {48DCC310-6A4A-4E19-98BA-C0A35C60DCB2}
	EndGlobalSection
EndGlobal
